
Microsoft Visual Studio Solution File, Format Version 12.00
# Visual Studio 15
VisualStudioVersion = 15.0.28010.2046
MinimumVisualStudioVersion = 10.0.40219.1
Project("{FAE04EC0-301F-11D3-BF4B-00C04F79EFBC}") = "VideoRentals.UI", "VideoRentals.UI\VideoRentals.UI.csproj", "{DC2572F0-7A08-4095-AAB4-FB11AFAD79B5}"
EndProject
Project("{FAE04EC0-301F-11D3-BF4B-00C04F79EFBC}") = "VideoRental.Data", "ClassLibrary2\VideoRental.Data.csproj", "{450E67DB-3BF1-482D-8832-41788C0BA0E6}"
EndProject
Project("{FAE04EC0-301F-11D3-BF4B-00C04F79EFBC}") = "VideoRental.Common", "VideoRental.Common\VideoRental.Common.csproj", "{60CBBCD3-8BEE-47FA-9DAA-108E886495B5}"
EndProject
Global
	GlobalSection(SolutionConfigurationPlatforms) = preSolution
		Debug|Any CPU = Debug|Any CPU
		Release|Any CPU = Release|Any CPU
	EndGlobalSection
	GlobalSection(ProjectConfigurationPlatforms) = postSolution
		{DC2572F0-7A08-4095-AAB4-FB11AFAD79B5}.Debug|Any CPU.ActiveCfg = Debug|Any CPU
		{DC2572F0-7A08-4095-AAB4-FB11AFAD79B5}.Debug|Any CPU.Build.0 = Debug|Any CPU
		{DC2572F0-7A08-4095-AAB4-FB11AFAD79B5}.Release|Any CPU.ActiveCfg = Release|Any CPU
		{DC2572F0-7A08-4095-AAB4-FB11AFAD79B5}.Release|Any CPU.Build.0 = Release|Any CPU
		{450E67DB-3BF1-482D-8832-41788C0BA0E6}.Debug|Any CPU.ActiveCfg = Debug|Any CPU
		{450E67DB-3BF1-482D-8832-41788C0BA0E6}.Debug|Any CPU.Build.0 = Debug|Any CPU
		{450E67DB-3BF1-482D-8832-41788C0BA0E6}.Release|Any CPU.ActiveCfg = Release|Any CPU
		{450E67DB-3BF1-482D-8832-41788C0BA0E6}.Release|Any CPU.Build.0 = Release|Any CPU
		{60CBBCD3-8BEE-47FA-9DAA-108E886495B5}.Debug|Any CPU.ActiveCfg = Debug|Any CPU
		{60CBBCD3-8BEE-47FA-9DAA-108E886495B5}.Debug|Any CPU.Build.0 = Debug|Any CPU
		{60CBBCD3-8BEE-47FA-9DAA-108E886495B5}.Release|Any CPU.ActiveCfg = Release|Any CPU
		{60CBBCD3-8BEE-47FA-9DAA-108E886495B5}.Release|Any CPU.Build.0 = Release|Any CPU
	EndGlobalSection
	GlobalSection(SolutionProperties) = preSolution
		HideSolutionNode = FALSE
	EndGlobalSection
	GlobalSection(ExtensibilityGlobals) = postSolution
		SolutionGuid = {CD01F085-156E-4121-BF76-E2040EA126BC}
	EndGlobalSection
EndGlobal
